
Microsoft Visual Studio Solution File, Format Version 12.00
# Visual Studio Version 16
VisualStudioVersion = 16.0.29519.87
MinimumVisualStudioVersion = 10.0.40219.1
Project("{FAE04EC0-301F-11D3-BF4B-00C04F79EFBC}") = "ReflectionDelegatesDemo", "ReflectionDelegatesDemo\ReflectionDelegatesDemo.csproj", "{1C9FBAE9-78D1-4CC6-9A7F-0AF73D3FA1EB}"
EndProject
Global
	GlobalSection(SolutionConfigurationPlatforms) = preSolution
		Debug|Any CPU = Debug|Any CPU
		Release|Any CPU = Release|Any CPU
	EndGlobalSection
	GlobalSection(ProjectConfigurationPlatforms) = postSolution
		{1C9FBAE9-78D1-4CC6-9A7F-0AF73D3FA1EB}.Debug|Any CPU.ActiveCfg = Debug|Any CPU
		{1C9FBAE9-78D1-4CC6-9A7F-0AF73D3FA1EB}.Debug|Any CPU.Build.0 = Debug|Any CPU
		{1C9FBAE9-78D1-4CC6-9A7F-0AF73D3FA1EB}.Release|Any CPU.ActiveCfg = Release|Any CPU
		{1C9FBAE9-78D1-4CC6-9A7F-0AF73D3FA1EB}.Release|Any CPU.Build.0 = Release|Any CPU
	EndGlobalSection
	GlobalSection(SolutionProperties) = preSolution
		HideSolutionNode = FALSE
	EndGlobalSection
	GlobalSection(ExtensibilityGlobals) = postSolution
		SolutionGuid = {A2D85210-9E7E-4742-913A-102E6896DADA}
	EndGlobalSection
EndGlobal
